// !$*UTF8*$!
{
	archiveVersion = 1;
	classes = {
	};
	objectVersion = 46;
	objects = {

/* Begin PBXBuildFile section */
		051236131B0C00BE00F95AC6 /* AppDelegate.swift in Sources */ = {isa = PBXBuildFile; fileRef = 051236121B0C00BE00F95AC6 /* AppDelegate.swift */; };
		051236181B0C00BE00F95AC6 /* Main.storyboard in Resources */ = {isa = PBXBuildFile; fileRef = 051236161B0C00BE00F95AC6 /* Main.storyboard */; };
		0512361A1B0C00BE00F95AC6 /* Images.xcassets in Resources */ = {isa = PBXBuildFile; fileRef = 051236191B0C00BE00F95AC6 /* Images.xcassets */; };
		0512361D1B0C00BE00F95AC6 /* LaunchScreen.xib in Resources */ = {isa = PBXBuildFile; fileRef = 0512361B1B0C00BE00F95AC6 /* LaunchScreen.xib */; };
		051236291B0C00BE00F95AC6 /* ExampleTests.swift in Sources */ = {isa = PBXBuildFile; fileRef = 051236281B0C00BE00F95AC6 /* ExampleTests.swift */; };
		051236651B0C028800F95AC6 /* MCMHeaderAnimated.framework in Frameworks */ = {isa = PBXBuildFile; fileRef = 051236621B0C021000F95AC6 /* MCMHeaderAnimated.framework */; };
		051236671B0C032500F95AC6 /* MCMHeaderAnimated.framework in Copy Frameworks */ = {isa = PBXBuildFile; fileRef = 051236621B0C021000F95AC6 /* MCMHeaderAnimated.framework */; settings = {ATTRIBUTES = (CodeSignOnCopy, RemoveHeadersOnCopy, ); }; };
		0512366D1B0C07C200F95AC6 /* MainTableViewController.swift in Sources */ = {isa = PBXBuildFile; fileRef = 0512366C1B0C07C200F95AC6 /* MainTableViewController.swift */; };
		0512366F1B0C07E600F95AC6 /* DetailViewController.swift in Sources */ = {isa = PBXBuildFile; fileRef = 0512366E1B0C07E600F95AC6 /* DetailViewController.swift */; };
		051236711B0C07F200F95AC6 /* MainTableViewCell.swift in Sources */ = {isa = PBXBuildFile; fileRef = 051236701B0C07F200F95AC6 /* MainTableViewCell.swift */; };
/* End PBXBuildFile section */

/* Begin PBXContainerItemProxy section */
		051236231B0C00BE00F95AC6 /* PBXContainerItemProxy */ = {
			isa = PBXContainerItemProxy;
			containerPortal = 051236051B0C00BE00F95AC6 /* Project object */;
			proxyType = 1;
			remoteGlobalIDString = 0512360C1B0C00BE00F95AC6;
			remoteInfo = Example;
		};
		051236611B0C021000F95AC6 /* PBXContainerItemProxy */ = {
			isa = PBXContainerItemProxy;
			containerPortal = 0512365C1B0C021000F95AC6 /* MCMHeaderAnimated.xcodeproj */;
			proxyType = 2;
			remoteGlobalIDString = 0512363C1B0C00FD00F95AC6;
			remoteInfo = MCMHeaderAnimated;
		};
		051236631B0C021000F95AC6 /* PBXContainerItemProxy */ = {
			isa = PBXContainerItemProxy;
			containerPortal = 0512365C1B0C021000F95AC6 /* MCMHeaderAnimated.xcodeproj */;
			proxyType = 2;
			remoteGlobalIDString = 051236471B0C00FD00F95AC6;
			remoteInfo = MCMHeaderAnimatedTests;
		};
/* End PBXContainerItemProxy section */

/* Begin PBXCopyFilesBuildPhase section */
		051236661B0C02F900F95AC6 /* Copy Frameworks */ = {
			isa = PBXCopyFilesBuildPhase;
			buildActionMask = 2147483647;
			dstPath = "";
			dstSubfolderSpec = 10;
			files = (
				051236671B0C032500F95AC6 /* MCMHeaderAnimated.framework in Copy Frameworks */,
			);
			name = "Copy Frameworks";
			runOnlyForDeploymentPostprocessing = 0;
		};
/* End PBXCopyFilesBuildPhase section */

/* Begin PBXFileReference section */
		0512360D1B0C00BE00F95AC6 /* Example.app */ = {isa = PBXFileReference; explicitFileType = wrapper.application; includeInIndex = 0; path = Example.app; sourceTree = BUILT_PRODUCTS_DIR; };
		051236111B0C00BE00F95AC6 /* Info.plist */ = {isa = PBXFileReference; lastKnownFileType = text.plist.xml; path = Info.plist; sourceTree = "<group>"; };
		051236121B0C00BE00F95AC6 /* AppDelegate.swift */ = {isa = PBXFileReference; lastKnownFileType = sourcecode.swift; path = AppDelegate.swift; sourceTree = "<group>"; };
		051236171B0C00BE00F95AC6 /* Base */ = {isa = PBXFileReference; lastKnownFileType = file.storyboard; name = Base; path = Base.lproj/Main.storyboard; sourceTree = "<group>"; };
		051236191B0C00BE00F95AC6 /* Images.xcassets */ = {isa = PBXFileReference; lastKnownFileType = folder.assetcatalog; path = Images.xcassets; sourceTree = "<group>"; };
		0512361C1B0C00BE00F95AC6 /* Base */ = {isa = PBXFileReference; lastKnownFileType = file.xib; name = Base; path = Base.lproj/LaunchScreen.xib; sourceTree = "<group>"; };
		051236221B0C00BE00F95AC6 /* ExampleTests.xctest */ = {isa = PBXFileReference; explicitFileType = wrapper.cfbundle; includeInIndex = 0; path = ExampleTests.xctest; sourceTree = BUILT_PRODUCTS_DIR; };
		051236271B0C00BE00F95AC6 /* Info.plist */ = {isa = PBXFileReference; lastKnownFileType = text.plist.xml; path = Info.plist; sourceTree = "<group>"; };
		051236281B0C00BE00F95AC6 /* ExampleTests.swift */ = {isa = PBXFileReference; lastKnownFileType = sourcecode.swift; path = ExampleTests.swift; sourceTree = "<group>"; };
		0512365C1B0C021000F95AC6 /* MCMHeaderAnimated.xcodeproj */ = {isa = PBXFileReference; lastKnownFileType = "wrapper.pb-project"; name = MCMHeaderAnimated.xcodeproj; path = ../MCMHeaderAnimated/MCMHeaderAnimated.xcodeproj; sourceTree = "<group>"; };
		0512366C1B0C07C200F95AC6 /* MainTableViewController.swift */ = {isa = PBXFileReference; fileEncoding = 4; lastKnownFileType = sourcecode.swift; path = MainTableViewController.swift; sourceTree = "<group>"; };
		0512366E1B0C07E600F95AC6 /* DetailViewController.swift */ = {isa = PBXFileReference; fileEncoding = 4; lastKnownFileType = sourcecode.swift; path = DetailViewController.swift; sourceTree = "<group>"; };
		051236701B0C07F200F95AC6 /* MainTableViewCell.swift */ = {isa = PBXFileReference; fileEncoding = 4; lastKnownFileType = sourcecode.swift; path = MainTableViewCell.swift; sourceTree = "<group>"; };
/* End PBXFileReference section */

/* Begin PBXFrameworksBuildPhase section */
		0512360A1B0C00BE00F95AC6 /* Frameworks */ = {
			isa = PBXFrameworksBuildPhase;
			buildActionMask = 2147483647;
			files = (
				051236651B0C028800F95AC6 /* MCMHeaderAnimated.framework in Frameworks */,
			);
			runOnlyForDeploymentPostprocessing = 0;
		};
		0512361F1B0C00BE00F95AC6 /* Frameworks */ = {
			isa = PBXFrameworksBuildPhase;
			buildActionMask = 2147483647;
			files = (
			);
			runOnlyForDeploymentPostprocessing = 0;
		};
/* End PBXFrameworksBuildPhase section */

/* Begin PBXGroup section */
		051236041B0C00BE00F95AC6 = {
			isa = PBXGroup;
			children = (
				0512365C1B0C021000F95AC6 /* MCMHeaderAnimated.xcodeproj */,
				0512360F1B0C00BE00F95AC6 /* Example */,
				051236251B0C00BE00F95AC6 /* ExampleTests */,
				0512360E1B0C00BE00F95AC6 /* Products */,
			);
			sourceTree = "<group>";
		};
		0512360E1B0C00BE00F95AC6 /* Products */ = {
			isa = PBXGroup;
			children = (
				0512360D1B0C00BE00F95AC6 /* Example.app */,
				051236221B0C00BE00F95AC6 /* ExampleTests.xctest */,
			);
			name = Products;
			sourceTree = "<group>";
		};
		0512360F1B0C00BE00F95AC6 /* Example */ = {
			isa = PBXGroup;
			children = (
				0512366A1B0C07A100F95AC6 /* Controllers */,
				0512366B1B0C07A700F95AC6 /* Views */,
				051236121B0C00BE00F95AC6 /* AppDelegate.swift */,
				051236161B0C00BE00F95AC6 /* Main.storyboard */,
				051236191B0C00BE00F95AC6 /* Images.xcassets */,
				0512361B1B0C00BE00F95AC6 /* LaunchScreen.xib */,
				051236101B0C00BE00F95AC6 /* Supporting Files */,
			);
			path = Example;
			sourceTree = "<group>";
		};
		051236101B0C00BE00F95AC6 /* Supporting Files */ = {
			isa = PBXGroup;
			children = (
				051236111B0C00BE00F95AC6 /* Info.plist */,
			);
			name = "Supporting Files";
			sourceTree = "<group>";
		};
		051236251B0C00BE00F95AC6 /* ExampleTests */ = {
			isa = PBXGroup;
			children = (
				051236281B0C00BE00F95AC6 /* ExampleTests.swift */,
				051236261B0C00BE00F95AC6 /* Supporting Files */,
			);
			path = ExampleTests;
			sourceTree = "<group>";
		};
		051236261B0C00BE00F95AC6 /* Supporting Files */ = {
			isa = PBXGroup;
			children = (
				051236271B0C00BE00F95AC6 /* Info.plist */,
			);
			name = "Supporting Files";
			sourceTree = "<group>";
		};
		0512365D1B0C021000F95AC6 /* Products */ = {
			isa = PBXGroup;
			children = (
				051236621B0C021000F95AC6 /* MCMHeaderAnimated.framework */,
				051236641B0C021000F95AC6 /* MCMHeaderAnimatedTests.xctest */,
			);
			name = Products;
			sourceTree = "<group>";
		};
		0512366A1B0C07A100F95AC6 /* Controllers */ = {
			isa = PBXGroup;
			children = (
				0512366C1B0C07C200F95AC6 /* MainTableViewController.swift */,
				0512366E1B0C07E600F95AC6 /* DetailViewController.swift */,
			);
			name = Controllers;
			sourceTree = "<group>";
		};
		0512366B1B0C07A700F95AC6 /* Views */ = {
			isa = PBXGroup;
			children = (
				051236701B0C07F200F95AC6 /* MainTableViewCell.swift */,
			);
			name = Views;
			sourceTree = "<group>";
		};
/* End PBXGroup section */

/* Begin PBXNativeTarget section */
		0512360C1B0C00BE00F95AC6 /* Example */ = {
			isa = PBXNativeTarget;
			buildConfigurationList = 0512362C1B0C00BE00F95AC6 /* Build configuration list for PBXNativeTarget "Example" */;
			buildPhases = (
				051236091B0C00BE00F95AC6 /* Sources */,
				0512360A1B0C00BE00F95AC6 /* Frameworks */,
				0512360B1B0C00BE00F95AC6 /* Resources */,
				051236661B0C02F900F95AC6 /* Copy Frameworks */,
			);
			buildRules = (
			);
			dependencies = (
			);
			name = Example;
			productName = Example;
			productReference = 0512360D1B0C00BE00F95AC6 /* Example.app */;
			productType = "com.apple.product-type.application";
		};
		051236211B0C00BE00F95AC6 /* ExampleTests */ = {
			isa = PBXNativeTarget;
			buildConfigurationList = 0512362F1B0C00BE00F95AC6 /* Build configuration list for PBXNativeTarget "ExampleTests" */;
			buildPhases = (
				0512361E1B0C00BE00F95AC6 /* Sources */,
				0512361F1B0C00BE00F95AC6 /* Frameworks */,
				051236201B0C00BE00F95AC6 /* Resources */,
			);
			buildRules = (
			);
			dependencies = (
				051236241B0C00BE00F95AC6 /* PBXTargetDependency */,
			);
			name = ExampleTests;
			productName = ExampleTests;
			productReference = 051236221B0C00BE00F95AC6 /* ExampleTests.xctest */;
			productType = "com.apple.product-type.bundle.unit-test";
		};
/* End PBXNativeTarget section */

/* Begin PBXProject section */
		051236051B0C00BE00F95AC6 /* Project object */ = {
			isa = PBXProject;
			attributes = {
				LastSwiftUpdateCheck = 0710;
				LastUpgradeCheck = 0630;
				ORGANIZATIONNAME = "Mathias Carignani";
				TargetAttributes = {
					0512360C1B0C00BE00F95AC6 = {
						CreatedOnToolsVersion = 6.3.1;
					};
					051236211B0C00BE00F95AC6 = {
						CreatedOnToolsVersion = 6.3.1;
						TestTargetID = 0512360C1B0C00BE00F95AC6;
					};
				};
			};
			buildConfigurationList = 051236081B0C00BE00F95AC6 /* Build configuration list for PBXProject "Example" */;
			compatibilityVersion = "Xcode 3.2";
			developmentRegion = English;
			hasScannedForEncodings = 0;
			knownRegions = (
				en,
				Base,
			);
			mainGroup = 051236041B0C00BE00F95AC6;
			productRefGroup = 0512360E1B0C00BE00F95AC6 /* Products */;
			projectDirPath = "";
			projectReferences = (
				{
					ProductGroup = 0512365D1B0C021000F95AC6 /* Products */;
					ProjectRef = 0512365C1B0C021000F95AC6 /* MCMHeaderAnimated.xcodeproj */;
				},
			);
			projectRoot = "";
			targets = (
				0512360C1B0C00BE00F95AC6 /* Example */,
				051236211B0C00BE00F95AC6 /* ExampleTests */,
			);
		};
/* End PBXProject section */

/* Begin PBXReferenceProxy section */
		051236621B0C021000F95AC6 /* MCMHeaderAnimated.framework */ = {
			isa = PBXReferenceProxy;
			fileType = wrapper.framework;
			path = MCMHeaderAnimated.framework;
			remoteRef = 051236611B0C021000F95AC6 /* PBXContainerItemProxy */;
			sourceTree = BUILT_PRODUCTS_DIR;
		};
		051236641B0C021000F95AC6 /* MCMHeaderAnimatedTests.xctest */ = {
			isa = PBXReferenceProxy;
			fileType = wrapper.cfbundle;
			path = MCMHeaderAnimatedTests.xctest;
			remoteRef = 051236631B0C021000F95AC6 /* PBXContainerItemProxy */;
			sourceTree = BUILT_PRODUCTS_DIR;
		};
/* End PBXReferenceProxy section */

/* Begin PBXResourcesBuildPhase section */
		0512360B1B0C00BE00F95AC6 /* Resources */ = {
			isa = PBXResourcesBuildPhase;
			buildActionMask = 2147483647;
			files = (
				051236181B0C00BE00F95AC6 /* Main.storyboard in Resources */,
				0512361D1B0C00BE00F95AC6 /* LaunchScreen.xib in Resources */,
				0512361A1B0C00BE00F95AC6 /* Images.xcassets in Resources */,
			);
			runOnlyForDeploymentPostprocessing = 0;
		};
		051236201B0C00BE00F95AC6 /* Resources */ = {
			isa = PBXResourcesBuildPhase;
			buildActionMask = 2147483647;
			files = (
			);
			runOnlyForDeploymentPostprocessing = 0;
		};
/* End PBXResourcesBuildPhase section */

/* Begin PBXSourcesBuildPhase section */
		051236091B0C00BE00F95AC6 /* Sources */ = {
			isa = PBXSourcesBuildPhase;
			buildActionMask = 2147483647;
			files = (
				0512366F1B0C07E600F95AC6 /* DetailViewController.swift in Sources */,
				0512366D1B0C07C200F95AC6 /* MainTableViewController.swift in Sources */,
				051236711B0C07F200F95AC6 /* MainTableViewCell.swift in Sources */,
				051236131B0C00BE00F95AC6 /* AppDelegate.swift in Sources */,
			);
			runOnlyForDeploymentPostprocessing = 0;
		};
		0512361E1B0C00BE00F95AC6 /* Sources */ = {
			isa = PBXSourcesBuildPhase;
			buildActionMask = 2147483647;
			files = (
				051236291B0C00BE00F95AC6 /* ExampleTests.swift in Sources */,
			);
			runOnlyForDeploymentPostprocessing = 0;
		};
/* End PBXSourcesBuildPhase section */

/* Begin PBXTargetDependency section */
		051236241B0C00BE00F95AC6 /* PBXTargetDependency */ = {
			isa = PBXTargetDependency;
			target = 0512360C1B0C00BE00F95AC6 /* Example */;
			targetProxy = 051236231B0C00BE00F95AC6 /* PBXContainerItemProxy */;
		};
/* End PBXTargetDependency section */

/* Begin PBXVariantGroup section */
		051236161B0C00BE00F95AC6 /* Main.storyboard */ = {
			isa = PBXVariantGroup;
			children = (
				051236171B0C00BE00F95AC6 /* Base */,
			);
			name = Main.storyboard;
			sourceTree = "<group>";
		};
		0512361B1B0C00BE00F95AC6 /* LaunchScreen.xib */ = {
			isa = PBXVariantGroup;
			children = (
				0512361C1B0C00BE00F95AC6 /* Base */,
			);
			name = LaunchScreen.xib;
			sourceTree = "<group>";
		};
/* End PBXVariantGroup section */

/* Begin XCBuildConfiguration section */
		0512362A1B0C00BE00F95AC6 /* Debug */ = {
			isa = XCBuildConfiguration;
			buildSettings = {
				ALWAYS_SEARCH_USER_PATHS = NO;
				CLANG_CXX_LANGUAGE_STANDARD = "gnu++0x";
				CLANG_CXX_LIBRARY = "libc++";
				CLANG_ENABLE_MODULES = YES;
				CLANG_ENABLE_OBJC_ARC = YES;
				CLANG_WARN_BOOL_CONVERSION = YES;
				CLANG_WARN_CONSTANT_CONVERSION = YES;
				CLANG_WARN_DIRECT_OBJC_ISA_USAGE = YES_ERROR;
				CLANG_WARN_EMPTY_BODY = YES;
				CLANG_WARN_ENUM_CONVERSION = YES;
				CLANG_WARN_INT_CONVERSION = YES;
				CLANG_WARN_OBJC_ROOT_CLASS = YES_ERROR;
				CLANG_WARN_UNREACHABLE_CODE = YES;
				CLANG_WARN__DUPLICATE_METHOD_MATCH = YES;
				"CODE_SIGN_IDENTITY[sdk=iphoneos*]" = "iPhone Developer";
				COPY_PHASE_STRIP = NO;
				DEBUG_INFORMATION_FORMAT = "dwarf-with-dsym";
				ENABLE_STRICT_OBJC_MSGSEND = YES;
				GCC_C_LANGUAGE_STANDARD = gnu99;
				GCC_DYNAMIC_NO_PIC = NO;
				GCC_NO_COMMON_BLOCKS = YES;
				GCC_OPTIMIZATION_LEVEL = 0;
				GCC_PREPROCESSOR_DEFINITIONS = (
					"DEBUG=1",
					"$(inherited)",
				);
				GCC_SYMBOLS_PRIVATE_EXTERN = NO;
				GCC_WARN_64_TO_32_BIT_CONVERSION = YES;
				GCC_WARN_ABOUT_RETURN_TYPE = YES_ERROR;
				GCC_WARN_UNDECLARED_SELECTOR = YES;
				GCC_WARN_UNINITIALIZED_AUTOS = YES_AGGRESSIVE;
				GCC_WARN_UNUSED_FUNCTION = YES;
				GCC_WARN_UNUSED_VARIABLE = YES;
				IPHONEOS_DEPLOYMENT_TARGET = 8.3;
				MTL_ENABLE_DEBUG_INFO = YES;
				ONLY_ACTIVE_ARCH = YES;
				SDKROOT = iphoneos;
				SWIFT_OPTIMIZATION_LEVEL = "-Onone";
			};
			name = Debug;
		};
		0512362B1B0C00BE00F95AC6 /* Release */ = {
			isa = XCBuildConfiguration;
			buildSettings = {
				ALWAYS_SEARCH_USER_PATHS = NO;
				CLANG_CXX_LANGUAGE_STANDARD = "gnu++0x";
				CLANG_CXX_LIBRARY = "libc++";
				CLANG_ENABLE_MODULES = YES;
				CLANG_ENABLE_OBJC_ARC = YES;
				CLANG_WARN_BOOL_CONVERSION = YES;
				CLANG_WARN_CONSTANT_CONVERSION = YES;
				CLANG_WARN_DIRECT_OBJC_ISA_USAGE = YES_ERROR;
				CLANG_WARN_EMPTY_BODY = YES;
				CLANG_WARN_ENUM_CONVERSION = YES;
				CLANG_WARN_INT_CONVERSION = YES;
				CLANG_WARN_OBJC_ROOT_CLASS = YES_ERROR;
				CLANG_WARN_UNREACHABLE_CODE = YES;
				CLANG_WARN__DUPLICATE_METHOD_MATCH = YES;
				"CODE_SIGN_IDENTITY[sdk=iphoneos*]" = "iPhone Developer";
				COPY_PHASE_STRIP = NO;
				DEBUG_INFORMATION_FORMAT = "dwarf-with-dsym";
				ENABLE_NS_ASSERTIONS = NO;
				ENABLE_STRICT_OBJC_MSGSEND = YES;
				GCC_C_LANGUAGE_STANDARD = gnu99;
				GCC_NO_COMMON_BLOCKS = YES;
				GCC_WARN_64_TO_32_BIT_CONVERSION = YES;
				GCC_WARN_ABOUT_RETURN_TYPE = YES_ERROR;
				GCC_WARN_UNDECLARED_SELECTOR = YES;
				GCC_WARN_UNINITIALIZED_AUTOS = YES_AGGRESSIVE;
				GCC_WARN_UNUSED_FUNCTION = YES;
				GCC_WARN_UNUSED_VARIABLE = YES;
				IPHONEOS_DEPLOYMENT_TARGET = 8.3;
				MTL_ENABLE_DEBUG_INFO = NO;
				SDKROOT = iphoneos;
				VALIDATE_PRODUCT = YES;
			};
			name = Release;
		};
		0512362D1B0C00BE00F95AC6 /* Debug */ = {
			isa = XCBuildConfiguration;
			buildSettings = {
				ASSETCATALOG_COMPILER_APPICON_NAME = AppIcon;
				INFOPLIST_FILE = Example/Info.plist;
				LD_RUNPATH_SEARCH_PATHS = "$(inherited) @executable_path/Frameworks";
				PRODUCT_NAME = "$(TARGET_NAME)";
			};
			name = Debug;
		};
		0512362E1B0C00BE00F95AC6 /* Release */ = {
			isa = XCBuildConfiguration;
			buildSettings = {
				ASSETCATALOG_COMPILER_APPICON_NAME = AppIcon;
				INFOPLIST_FILE = Example/Info.plist;
				LD_RUNPATH_SEARCH_PATHS = "$(inherited) @executable_path/Frameworks";
				PRODUCT_NAME = "$(TARGET_NAME)";
			};
			name = Release;
		};
		051236301B0C00BE00F95AC6 /* Debug */ = {
			isa = XCBuildConfiguration;
			buildSettings = {
				BUNDLE_LOADER = "$(TEST_HOST)";
				FRAMEWORK_SEARCH_PATHS = (
					"$(SDKROOT)/Developer/Library/Frameworks",
					"$(inherited)",
				);
				GCC_PREPROCESSOR_DEFINITIONS = (
					"DEBUG=1",
					"$(inherited)",
				);
				INFOPLIST_FILE = ExampleTests/Info.plist;
				LD_RUNPATH_SEARCH_PATHS = "$(inherited) @executable_path/Frameworks @loader_path/Frameworks";
				PRODUCT_NAME = "$(TARGET_NAME)";
				TEST_HOST = "$(BUILT_PRODUCTS_DIR)/Example.app/Example";
			};
			name = Debug;
		};
		051236311B0C00BE00F95AC6 /* Release */ = {
			isa = XCBuildConfiguration;
			buildSettings = {
				BUNDLE_LOADER = "$(TEST_HOST)";
				FRAMEWORK_SEARCH_PATHS = (
					"$(SDKROOT)/Developer/Library/Frameworks",
					"$(inherited)",
				);
				INFOPLIST_FILE = ExampleTests/Info.plist;
				LD_RUNPATH_SEARCH_PATHS = "$(inherited) @executable_path/Frameworks @loader_path/Frameworks";
				PRODUCT_NAME = "$(TARGET_NAME)";
				TEST_HOST = "$(BUILT_PRODUCTS_DIR)/Example.app/Example";
			};
			name = Release;
		};
/* End XCBuildConfiguration section */

/* Begin XCConfigurationList section */
		051236081B0C00BE00F95AC6 /* Build configuration list for PBXProject "Example" */ = {
			isa = XCConfigurationList;
			buildConfigurations = (
				0512362A1B0C00BE00F95AC6 /* Debug */,
				0512362B1B0C00BE00F95AC6 /* Release */,
			);
			defaultConfigurationIsVisible = 0;
			defaultConfigurationName = Release;
		};
		0512362C1B0C00BE00F95AC6 /* Build configuration list for PBXNativeTarget "Example" */ = {
			isa = XCConfigurationList;
			buildConfigurations = (
				0512362D1B0C00BE00F95AC6 /* Debug */,
				0512362E1B0C00BE00F95AC6 /* Release */,
			);
			defaultConfigurationIsVisible = 0;
			defaultConfigurationName = Release;
		};
		0512362F1B0C00BE00F95AC6 /* Build configuration list for PBXNativeTarget "ExampleTests" */ = {
			isa = XCConfigurationList;
			buildConfigurations = (
				051236301B0C00BE00F95AC6 /* Debug */,
				051236311B0C00BE00F95AC6 /* Release */,
			);
			defaultConfigurationIsVisible = 0;
			defaultConfigurationName = Release;
		};
/* End XCConfigurationList section */
	};
	rootObject = 051236051B0C00BE00F95AC6 /* Project object */;
}
